// !$*UTF8*$!
{
	archiveVersion = 1;
	classes = {
	};
	objectVersion = 56;
	objects = {

/* Begin PBXBuildFile section */
		158AFCD02949CF9500ABF712 /* AppDelegate.swift in Sources */ = {isa = PBXBuildFile; fileRef = 158AFCCF2949CF9500ABF712 /* AppDelegate.swift */; };
		158AFCD92949CF9600ABF712 /* Assets.xcassets in Resources */ = {isa = PBXBuildFile; fileRef = 158AFCD82949CF9600ABF712 /* Assets.xcassets */; };
		158AFCDC2949CF9600ABF712 /* LaunchScreen.storyboard in Resources */ = {isa = PBXBuildFile; fileRef = 158AFCDA2949CF9600ABF712 /* LaunchScreen.storyboard */; };
		158AFCE72949CF9700ABF712 /* PPPExampleDemoTests.swift in Sources */ = {isa = PBXBuildFile; fileRef = 158AFCE62949CF9700ABF712 /* PPPExampleDemoTests.swift */; };
		158AFCF12949CF9700ABF712 /* PPPExampleDemoUITests.swift in Sources */ = {isa = PBXBuildFile; fileRef = 158AFCF02949CF9700ABF712 /* PPPExampleDemoUITests.swift */; };
		158AFCF32949CF9700ABF712 /* PPPExampleDemoUITestsLaunchTests.swift in Sources */ = {isa = PBXBuildFile; fileRef = 158AFCF22949CF9700ABF712 /* PPPExampleDemoUITestsLaunchTests.swift */; };
		158AFD042949D03600ABF712 /* THBMainVC.swift in Sources */ = {isa = PBXBuildFile; fileRef = 158AFD032949D03600ABF712 /* THBMainVC.swift */; };
		158AFD0B2949D56100ABF712 /* MetalRenderingDevice.swift in Sources */ = {isa = PBXBuildFile; fileRef = 158AFD0A2949D56100ABF712 /* MetalRenderingDevice.swift */; };
		158AFD0D2949DF7200ABF712 /* ShaderUniformSettings.swift in Sources */ = {isa = PBXBuildFile; fileRef = 158AFD0C2949DF7200ABF712 /* ShaderUniformSettings.swift */; };
		158AFD122949E5AD00ABF712 /* PassthroughRenderPipeline.swift in Sources */ = {isa = PBXBuildFile; fileRef = 158AFD112949E5AD00ABF712 /* PassthroughRenderPipeline.swift */; };
		158AFD142949E65200ABF712 /* Passthrough.metal in Sources */ = {isa = PBXBuildFile; fileRef = 158AFD132949E65200ABF712 /* Passthrough.metal */; };
		158AFD262949F03E00ABF712 /* GrayComputePipeline.swift in Sources */ = {isa = PBXBuildFile; fileRef = 158AFD242949F03D00ABF712 /* GrayComputePipeline.swift */; };
		158AFD272949F03E00ABF712 /* Gray.metal in Sources */ = {isa = PBXBuildFile; fileRef = 158AFD252949F03D00ABF712 /* Gray.metal */; };
		158AFD2D2949FAB700ABF712 /* Matrix.swift in Sources */ = {isa = PBXBuildFile; fileRef = 158AFD292949FAB600ABF712 /* Matrix.swift */; };
		158AFD2E2949FAB700ABF712 /* Size.swift in Sources */ = {isa = PBXBuildFile; fileRef = 158AFD2A2949FAB600ABF712 /* Size.swift */; };
		158AFD2F2949FAB700ABF712 /* Color.swift in Sources */ = {isa = PBXBuildFile; fileRef = 158AFD2B2949FAB700ABF712 /* Color.swift */; };
		158AFD302949FAB700ABF712 /* Position.swift in Sources */ = {isa = PBXBuildFile; fileRef = 158AFD2C2949FAB700ABF712 /* Position.swift */; };
		158AFD332949FC6700ABF712 /* AAPLMathUtil.swift in Sources */ = {isa = PBXBuildFile; fileRef = 158AFD322949FC6700ABF712 /* AAPLMathUtil.swift */; };
		158AFD35294A019100ABF712 /* comics_22.png in Resources */ = {isa = PBXBuildFile; fileRef = 158AFD34294A019100ABF712 /* comics_22.png */; };
		158AFD38294AB0FE00ABF712 /* PixelbufferUtil.swift in Sources */ = {isa = PBXBuildFile; fileRef = 158AFD37294AB0FE00ABF712 /* PixelbufferUtil.swift */; };
		158AFD3C294AC0E400ABF712 /* Texture.swift in Sources */ = {isa = PBXBuildFile; fileRef = 158AFD3A294AC0E300ABF712 /* Texture.swift */; };
		158AFD3D294AC0E400ABF712 /* TextureCache.swift in Sources */ = {isa = PBXBuildFile; fileRef = 158AFD3B294AC0E400ABF712 /* TextureCache.swift */; };
/* End PBXBuildFile section */

/* Begin PBXContainerItemProxy section */
		158AFCE32949CF9700ABF712 /* PBXContainerItemProxy */ = {
			isa = PBXContainerItemProxy;
			containerPortal = 158AFCC42949CF9500ABF712 /* Project object */;
			proxyType = 1;
			remoteGlobalIDString = 158AFCCB2949CF9500ABF712;
			remoteInfo = PPPExampleDemo;
		};
		158AFCED2949CF9700ABF712 /* PBXContainerItemProxy */ = {
			isa = PBXContainerItemProxy;
			containerPortal = 158AFCC42949CF9500ABF712 /* Project object */;
			proxyType = 1;
			remoteGlobalIDString = 158AFCCB2949CF9500ABF712;
			remoteInfo = PPPExampleDemo;
		};
/* End PBXContainerItemProxy section */

/* Begin PBXFileReference section */
		158AFCCC2949CF9500ABF712 /* PPPExampleDemo.app */ = {isa = PBXFileReference; explicitFileType = wrapper.application; includeInIndex = 0; path = PPPExampleDemo.app; sourceTree = BUILT_PRODUCTS_DIR; };
		158AFCCF2949CF9500ABF712 /* AppDelegate.swift */ = {isa = PBXFileReference; lastKnownFileType = sourcecode.swift; path = AppDelegate.swift; sourceTree = "<group>"; };
		158AFCD82949CF9600ABF712 /* Assets.xcassets */ = {isa = PBXFileReference; lastKnownFileType = folder.assetcatalog; path = Assets.xcassets; sourceTree = "<group>"; };
		158AFCDB2949CF9600ABF712 /* Base */ = {isa = PBXFileReference; lastKnownFileType = file.storyboard; name = Base; path = Base.lproj/LaunchScreen.storyboard; sourceTree = "<group>"; };
		158AFCDD2949CF9600ABF712 /* Info.plist */ = {isa = PBXFileReference; lastKnownFileType = text.plist.xml; path = Info.plist; sourceTree = "<group>"; };
		158AFCE22949CF9700ABF712 /* PPPExampleDemoTests.xctest */ = {isa = PBXFileReference; explicitFileType = wrapper.cfbundle; includeInIndex = 0; path = PPPExampleDemoTests.xctest; sourceTree = BUILT_PRODUCTS_DIR; };
		158AFCE62949CF9700ABF712 /* PPPExampleDemoTests.swift */ = {isa = PBXFileReference; lastKnownFileType = sourcecode.swift; path = PPPExampleDemoTests.swift; sourceTree = "<group>"; };
		158AFCEC2949CF9700ABF712 /* PPPExampleDemoUITests.xctest */ = {isa = PBXFileReference; explicitFileType = wrapper.cfbundle; includeInIndex = 0; path = PPPExampleDemoUITests.xctest; sourceTree = BUILT_PRODUCTS_DIR; };
		158AFCF02949CF9700ABF712 /* PPPExampleDemoUITests.swift */ = {isa = PBXFileReference; lastKnownFileType = sourcecode.swift; path = PPPExampleDemoUITests.swift; sourceTree = "<group>"; };
		158AFCF22949CF9700ABF712 /* PPPExampleDemoUITestsLaunchTests.swift */ = {isa = PBXFileReference; lastKnownFileType = sourcecode.swift; path = PPPExampleDemoUITestsLaunchTests.swift; sourceTree = "<group>"; };
		158AFD032949D03600ABF712 /* THBMainVC.swift */ = {isa = PBXFileReference; fileEncoding = 4; lastKnownFileType = sourcecode.swift; path = THBMainVC.swift; sourceTree = "<group>"; };
		158AFD0A2949D56100ABF712 /* MetalRenderingDevice.swift */ = {isa = PBXFileReference; fileEncoding = 4; lastKnownFileType = sourcecode.swift; path = MetalRenderingDevice.swift; sourceTree = "<group>"; };
		158AFD0C2949DF7200ABF712 /* ShaderUniformSettings.swift */ = {isa = PBXFileReference; fileEncoding = 4; lastKnownFileType = sourcecode.swift; path = ShaderUniformSettings.swift; sourceTree = "<group>"; };
		158AFD102949E55600ABF712 /* RenderShaderTypes.h */ = {isa = PBXFileReference; fileEncoding = 4; lastKnownFileType = sourcecode.c.h; path = RenderShaderTypes.h; sourceTree = "<group>"; };
		158AFD112949E5AD00ABF712 /* PassthroughRenderPipeline.swift */ = {isa = PBXFileReference; fileEncoding = 4; lastKnownFileType = sourcecode.swift; path = PassthroughRenderPipeline.swift; sourceTree = "<group>"; };
		158AFD132949E65200ABF712 /* Passthrough.metal */ = {isa = PBXFileReference; fileEncoding = 4; lastKnownFileType = sourcecode.metal; path = Passthrough.metal; sourceTree = "<group>"; };
		158AFD242949F03D00ABF712 /* GrayComputePipeline.swift */ = {isa = PBXFileReference; fileEncoding = 4; lastKnownFileType = sourcecode.swift; path = GrayComputePipeline.swift; sourceTree = "<group>"; };
		158AFD252949F03D00ABF712 /* Gray.metal */ = {isa = PBXFileReference; fileEncoding = 4; lastKnownFileType = sourcecode.metal; path = Gray.metal; sourceTree = "<group>"; };
		158AFD292949FAB600ABF712 /* Matrix.swift */ = {isa = PBXFileReference; fileEncoding = 4; lastKnownFileType = sourcecode.swift; path = Matrix.swift; sourceTree = "<group>"; };
		158AFD2A2949FAB600ABF712 /* Size.swift */ = {isa = PBXFileReference; fileEncoding = 4; lastKnownFileType = sourcecode.swift; path = Size.swift; sourceTree = "<group>"; };
		158AFD2B2949FAB700ABF712 /* Color.swift */ = {isa = PBXFileReference; fileEncoding = 4; lastKnownFileType = sourcecode.swift; path = Color.swift; sourceTree = "<group>"; };
		158AFD2C2949FAB700ABF712 /* Position.swift */ = {isa = PBXFileReference; fileEncoding = 4; lastKnownFileType = sourcecode.swift; path = Position.swift; sourceTree = "<group>"; };
		158AFD322949FC6700ABF712 /* AAPLMathUtil.swift */ = {isa = PBXFileReference; lastKnownFileType = sourcecode.swift; path = AAPLMathUtil.swift; sourceTree = "<group>"; };
		158AFD34294A019100ABF712 /* comics_22.png */ = {isa = PBXFileReference; lastKnownFileType = image.png; path = comics_22.png; sourceTree = "<group>"; };
		158AFD37294AB0FE00ABF712 /* PixelbufferUtil.swift */ = {isa = PBXFileReference; lastKnownFileType = sourcecode.swift; path = PixelbufferUtil.swift; sourceTree = "<group>"; };
		158AFD3A294AC0E300ABF712 /* Texture.swift */ = {isa = PBXFileReference; fileEncoding = 4; lastKnownFileType = sourcecode.swift; path = Texture.swift; sourceTree = "<group>"; };
		158AFD3B294AC0E400ABF712 /* TextureCache.swift */ = {isa = PBXFileReference; fileEncoding = 4; lastKnownFileType = sourcecode.swift; path = TextureCache.swift; sourceTree = "<group>"; };
/* End PBXFileReference section */

/* Begin PBXFrameworksBuildPhase section */
		158AFCC92949CF9500ABF712 /* Frameworks */ = {
			isa = PBXFrameworksBuildPhase;
			buildActionMask = 2147483647;
			files = (
			);
			runOnlyForDeploymentPostprocessing = 0;
		};
		158AFCDF2949CF9700ABF712 /* Frameworks */ = {
			isa = PBXFrameworksBuildPhase;
			buildActionMask = 2147483647;
			files = (
			);
			runOnlyForDeploymentPostprocessing = 0;
		};
		158AFCE92949CF9700ABF712 /* Frameworks */ = {
			isa = PBXFrameworksBuildPhase;
			buildActionMask = 2147483647;
			files = (
			);
			runOnlyForDeploymentPostprocessing = 0;
		};
/* End PBXFrameworksBuildPhase section */

/* Begin PBXGroup section */
		158AFCC32949CF9500ABF712 = {
			isa = PBXGroup;
			children = (
				158AFCCE2949CF9500ABF712 /* PPPExampleDemo */,
				158AFCE52949CF9700ABF712 /* PPPExampleDemoTests */,
				158AFCEF2949CF9700ABF712 /* PPPExampleDemoUITests */,
				158AFCCD2949CF9500ABF712 /* Products */,
			);
			sourceTree = "<group>";
		};
		158AFCCD2949CF9500ABF712 /* Products */ = {
			isa = PBXGroup;
			children = (
				158AFCCC2949CF9500ABF712 /* PPPExampleDemo.app */,
				158AFCE22949CF9700ABF712 /* PPPExampleDemoTests.xctest */,
				158AFCEC2949CF9700ABF712 /* PPPExampleDemoUITests.xctest */,
			);
			name = Products;
			sourceTree = "<group>";
		};
		158AFCCE2949CF9500ABF712 /* PPPExampleDemo */ = {
			isa = PBXGroup;
			children = (
				158AFD082949D4DA00ABF712 /* Res */,
				158AFD072949D4C200ABF712 /* Thrid */,
				158AFD022949D03600ABF712 /* View Controllers */,
				158AFD052949D04100ABF712 /* Supporting Files */,
			);
			path = PPPExampleDemo;
			sourceTree = "<group>";
		};
		158AFCE52949CF9700ABF712 /* PPPExampleDemoTests */ = {
			isa = PBXGroup;
			children = (
				158AFCE62949CF9700ABF712 /* PPPExampleDemoTests.swift */,
			);
			path = PPPExampleDemoTests;
			sourceTree = "<group>";
		};
		158AFCEF2949CF9700ABF712 /* PPPExampleDemoUITests */ = {
			isa = PBXGroup;
			children = (
				158AFCF02949CF9700ABF712 /* PPPExampleDemoUITests.swift */,
				158AFCF22949CF9700ABF712 /* PPPExampleDemoUITestsLaunchTests.swift */,
			);
			path = PPPExampleDemoUITests;
			sourceTree = "<group>";
		};
		158AFD022949D03600ABF712 /* View Controllers */ = {
			isa = PBXGroup;
			children = (
				158AFD032949D03600ABF712 /* THBMainVC.swift */,
			);
			path = "View Controllers";
			sourceTree = "<group>";
		};
		158AFD052949D04100ABF712 /* Supporting Files */ = {
			isa = PBXGroup;
			children = (
				158AFCCF2949CF9500ABF712 /* AppDelegate.swift */,
				158AFCD82949CF9600ABF712 /* Assets.xcassets */,
				158AFCDA2949CF9600ABF712 /* LaunchScreen.storyboard */,
				158AFCDD2949CF9600ABF712 /* Info.plist */,
			);
			path = "Supporting Files";
			sourceTree = "<group>";
		};
		158AFD072949D4C200ABF712 /* Thrid */ = {
			isa = PBXGroup;
			children = (
				158AFD092949D50800ABF712 /* RenderKit */,
			);
			path = Thrid;
			sourceTree = "<group>";
		};
		158AFD082949D4DA00ABF712 /* Res */ = {
			isa = PBXGroup;
			children = (
				158AFD34294A019100ABF712 /* comics_22.png */,
			);
			path = Res;
			sourceTree = "<group>";
		};
		158AFD092949D50800ABF712 /* RenderKit */ = {
			isa = PBXGroup;
			children = (
				158AFD36294AB0E300ABF712 /* Pixel */,
				158AFD312949FABA00ABF712 /* Piecemeal */,
				158AFD0F2949E4FD00ABF712 /* Context */,
				158AFD0E2949E4F500ABF712 /* Pipeline */,
			);
			path = RenderKit;
			sourceTree = "<group>";
		};
		158AFD0E2949E4F500ABF712 /* Pipeline */ = {
			isa = PBXGroup;
			children = (
				158AFD102949E55600ABF712 /* RenderShaderTypes.h */,
				158AFD232949F02C00ABF712 /* ComputePipeline */,
				158AFD212949F00400ABF712 /* RenderPipeline */,
			);
			path = Pipeline;
			sourceTree = "<group>";
		};
		158AFD0F2949E4FD00ABF712 /* Context */ = {
			isa = PBXGroup;
			children = (
				158AFD0C2949DF7200ABF712 /* ShaderUniformSettings.swift */,
				158AFD0A2949D56100ABF712 /* MetalRenderingDevice.swift */,
			);
			path = Context;
			sourceTree = "<group>";
		};
		158AFD212949F00400ABF712 /* RenderPipeline */ = {
			isa = PBXGroup;
			children = (
				158AFD222949F01B00ABF712 /* Passthorough */,
			);
			name = RenderPipeline;
			sourceTree = "<group>";
		};
		158AFD222949F01B00ABF712 /* Passthorough */ = {
			isa = PBXGroup;
			children = (
				158AFD132949E65200ABF712 /* Passthrough.metal */,
				158AFD112949E5AD00ABF712 /* PassthroughRenderPipeline.swift */,
			);
			name = Passthorough;
			sourceTree = "<group>";
		};
		158AFD232949F02C00ABF712 /* ComputePipeline */ = {
			isa = PBXGroup;
			children = (
				158AFD252949F03D00ABF712 /* Gray.metal */,
				158AFD242949F03D00ABF712 /* GrayComputePipeline.swift */,
			);
			name = ComputePipeline;
			sourceTree = "<group>";
		};
		158AFD312949FABA00ABF712 /* Piecemeal */ = {
			isa = PBXGroup;
			children = (
				158AFD2B2949FAB700ABF712 /* Color.swift */,
				158AFD292949FAB600ABF712 /* Matrix.swift */,
				158AFD2C2949FAB700ABF712 /* Position.swift */,
				158AFD2A2949FAB600ABF712 /* Size.swift */,
				158AFD322949FC6700ABF712 /* AAPLMathUtil.swift */,
			);
			path = Piecemeal;
			sourceTree = "<group>";
		};
		158AFD36294AB0E300ABF712 /* Pixel */ = {
			isa = PBXGroup;
			children = (
				158AFD3A294AC0E300ABF712 /* Texture.swift */,
				158AFD3B294AC0E400ABF712 /* TextureCache.swift */,
				158AFD37294AB0FE00ABF712 /* PixelbufferUtil.swift */,
			);
			path = Pixel;
			sourceTree = "<group>";
		};
/* End PBXGroup section */

/* Begin PBXNativeTarget section */
		158AFCCB2949CF9500ABF712 /* PPPExampleDemo */ = {
			isa = PBXNativeTarget;
			buildConfigurationList = 158AFCF62949CF9700ABF712 /* Build configuration list for PBXNativeTarget "PPPExampleDemo" */;
			buildPhases = (
				158AFCC82949CF9500ABF712 /* Sources */,
				158AFCC92949CF9500ABF712 /* Frameworks */,
				158AFCCA2949CF9500ABF712 /* Resources */,
			);
			buildRules = (
			);
			dependencies = (
			);
			name = PPPExampleDemo;
			productName = PPPExampleDemo;
			productReference = 158AFCCC2949CF9500ABF712 /* PPPExampleDemo.app */;
			productType = "com.apple.product-type.application";
		};
		158AFCE12949CF9700ABF712 /* PPPExampleDemoTests */ = {
			isa = PBXNativeTarget;
			buildConfigurationList = 158AFCF92949CF9700ABF712 /* Build configuration list for PBXNativeTarget "PPPExampleDemoTests" */;
			buildPhases = (
				158AFCDE2949CF9700ABF712 /* Sources */,
				158AFCDF2949CF9700ABF712 /* Frameworks */,
				158AFCE02949CF9700ABF712 /* Resources */,
			);
			buildRules = (
			);
			dependencies = (
				158AFCE42949CF9700ABF712 /* PBXTargetDependency */,
			);
			name = PPPExampleDemoTests;
			productName = PPPExampleDemoTests;
			productReference = 158AFCE22949CF9700ABF712 /* PPPExampleDemoTests.xctest */;
			productType = "com.apple.product-type.bundle.unit-test";
		};
		158AFCEB2949CF9700ABF712 /* PPPExampleDemoUITests */ = {
			isa = PBXNativeTarget;
			buildConfigurationList = 158AFCFC2949CF9700ABF712 /* Build configuration list for PBXNativeTarget "PPPExampleDemoUITests" */;
			buildPhases = (
				158AFCE82949CF9700ABF712 /* Sources */,
				158AFCE92949CF9700ABF712 /* Frameworks */,
				158AFCEA2949CF9700ABF712 /* Resources */,
			);
			buildRules = (
			);
			dependencies = (
				158AFCEE2949CF9700ABF712 /* PBXTargetDependency */,
			);
			name = PPPExampleDemoUITests;
			productName = PPPExampleDemoUITests;
			productReference = 158AFCEC2949CF9700ABF712 /* PPPExampleDemoUITests.xctest */;
			productType = "com.apple.product-type.bundle.ui-testing";
		};
/* End PBXNativeTarget section */

/* Begin PBXProject section */
		158AFCC42949CF9500ABF712 /* Project object */ = {
			isa = PBXProject;
			attributes = {
				BuildIndependentTargetsInParallel = 1;
				LastSwiftUpdateCheck = 1420;
				LastUpgradeCheck = 1420;
				TargetAttributes = {
					158AFCCB2949CF9500ABF712 = {
						CreatedOnToolsVersion = 14.2;
					};
					158AFCE12949CF9700ABF712 = {
						CreatedOnToolsVersion = 14.2;
						TestTargetID = 158AFCCB2949CF9500ABF712;
					};
					158AFCEB2949CF9700ABF712 = {
						CreatedOnToolsVersion = 14.2;
						TestTargetID = 158AFCCB2949CF9500ABF712;
					};
				};
			};
			buildConfigurationList = 158AFCC72949CF9500ABF712 /* Build configuration list for PBXProject "PPPExampleDemo" */;
			compatibilityVersion = "Xcode 14.0";
			developmentRegion = en;
			hasScannedForEncodings = 0;
			knownRegions = (
				en,
				Base,
			);
			mainGroup = 158AFCC32949CF9500ABF712;
			productRefGroup = 158AFCCD2949CF9500ABF712 /* Products */;
			projectDirPath = "";
			projectRoot = "";
			targets = (
				158AFCCB2949CF9500ABF712 /* PPPExampleDemo */,
				158AFCE12949CF9700ABF712 /* PPPExampleDemoTests */,
				158AFCEB2949CF9700ABF712 /* PPPExampleDemoUITests */,
			);
		};
/* End PBXProject section */

/* Begin PBXResourcesBuildPhase section */
		158AFCCA2949CF9500ABF712 /* Resources */ = {
			isa = PBXResourcesBuildPhase;
			buildActionMask = 2147483647;
			files = (
				158AFCDC2949CF9600ABF712 /* LaunchScreen.storyboard in Resources */,
				158AFCD92949CF9600ABF712 /* Assets.xcassets in Resources */,
				158AFD35294A019100ABF712 /* comics_22.png in Resources */,
			);
			runOnlyForDeploymentPostprocessing = 0;
		};
		158AFCE02949CF9700ABF712 /* Resources */ = {
			isa = PBXResourcesBuildPhase;
			buildActionMask = 2147483647;
			files = (
			);
			runOnlyForDeploymentPostprocessing = 0;
		};
		158AFCEA2949CF9700ABF712 /* Resources */ = {
			isa = PBXResourcesBuildPhase;
			buildActionMask = 2147483647;
			files = (
			);
			runOnlyForDeploymentPostprocessing = 0;
		};
/* End PBXResourcesBuildPhase section */

/* Begin PBXSourcesBuildPhase section */
		158AFCC82949CF9500ABF712 /* Sources */ = {
			isa = PBXSourcesBuildPhase;
			buildActionMask = 2147483647;
			files = (
				158AFD272949F03E00ABF712 /* Gray.metal in Sources */,
				158AFD3C294AC0E400ABF712 /* Texture.swift in Sources */,
				158AFD3D294AC0E400ABF712 /* TextureCache.swift in Sources */,
				158AFD0B2949D56100ABF712 /* MetalRenderingDevice.swift in Sources */,
				158AFD302949FAB700ABF712 /* Position.swift in Sources */,
				158AFD2F2949FAB700ABF712 /* Color.swift in Sources */,
				158AFD2D2949FAB700ABF712 /* Matrix.swift in Sources */,
				158AFCD02949CF9500ABF712 /* AppDelegate.swift in Sources */,
				158AFD0D2949DF7200ABF712 /* ShaderUniformSettings.swift in Sources */,
				158AFD262949F03E00ABF712 /* GrayComputePipeline.swift in Sources */,
				158AFD38294AB0FE00ABF712 /* PixelbufferUtil.swift in Sources */,
				158AFD2E2949FAB700ABF712 /* Size.swift in Sources */,
				158AFD332949FC6700ABF712 /* AAPLMathUtil.swift in Sources */,
				158AFD122949E5AD00ABF712 /* PassthroughRenderPipeline.swift in Sources */,
				158AFD142949E65200ABF712 /* Passthrough.metal in Sources */,
				158AFD042949D03600ABF712 /* THBMainVC.swift in Sources */,
			);
			runOnlyForDeploymentPostprocessing = 0;
		};
		158AFCDE2949CF9700ABF712 /* Sources */ = {
			isa = PBXSourcesBuildPhase;
			buildActionMask = 2147483647;
			files = (
				158AFCE72949CF9700ABF712 /* PPPExampleDemoTests.swift in Sources */,
			);
			runOnlyForDeploymentPostprocessing = 0;
		};
		158AFCE82949CF9700ABF712 /* Sources */ = {
			isa = PBXSourcesBuildPhase;
			buildActionMask = 2147483647;
			files = (
				158AFCF12949CF9700ABF712 /* PPPExampleDemoUITests.swift in Sources */,
				158AFCF32949CF9700ABF712 /* PPPExampleDemoUITestsLaunchTests.swift in Sources */,
			);
			runOnlyForDeploymentPostprocessing = 0;
		};
/* End PBXSourcesBuildPhase section */

/* Begin PBXTargetDependency section */
		158AFCE42949CF9700ABF712 /* PBXTargetDependency */ = {
			isa = PBXTargetDependency;
			target = 158AFCCB2949CF9500ABF712 /* PPPExampleDemo */;
			targetProxy = 158AFCE32949CF9700ABF712 /* PBXContainerItemProxy */;
		};
		158AFCEE2949CF9700ABF712 /* PBXTargetDependency */ = {
			isa = PBXTargetDependency;
			target = 158AFCCB2949CF9500ABF712 /* PPPExampleDemo */;
			targetProxy = 158AFCED2949CF9700ABF712 /* PBXContainerItemProxy */;
		};
/* End PBXTargetDependency section */

/* Begin PBXVariantGroup section */
		158AFCDA2949CF9600ABF712 /* LaunchScreen.storyboard */ = {
			isa = PBXVariantGroup;
			children = (
				158AFCDB2949CF9600ABF712 /* Base */,
			);
			name = LaunchScreen.storyboard;
			sourceTree = "<group>";
		};
/* End PBXVariantGroup section */

/* Begin XCBuildConfiguration section */
		158AFCF42949CF9700ABF712 /* Debug */ = {
			isa = XCBuildConfiguration;
			buildSettings = {
				ALWAYS_SEARCH_USER_PATHS = NO;
				CLANG_ANALYZER_NONNULL = YES;
				CLANG_ANALYZER_NUMBER_OBJECT_CONVERSION = YES_AGGRESSIVE;
				CLANG_CXX_LANGUAGE_STANDARD = "gnu++20";
				CLANG_ENABLE_MODULES = YES;
				CLANG_ENABLE_OBJC_ARC = YES;
				CLANG_ENABLE_OBJC_WEAK = YES;
				CLANG_WARN_BLOCK_CAPTURE_AUTORELEASING = YES;
				CLANG_WARN_BOOL_CONVERSION = YES;
				CLANG_WARN_COMMA = YES;
				CLANG_WARN_CONSTANT_CONVERSION = YES;
				CLANG_WARN_DEPRECATED_OBJC_IMPLEMENTATIONS = YES;
				CLANG_WARN_DIRECT_OBJC_ISA_USAGE = YES_ERROR;
				CLANG_WARN_DOCUMENTATION_COMMENTS = YES;
				CLANG_WARN_EMPTY_BODY = YES;
				CLANG_WARN_ENUM_CONVERSION = YES;
				CLANG_WARN_INFINITE_RECURSION = YES;
				CLANG_WARN_INT_CONVERSION = YES;
				CLANG_WARN_NON_LITERAL_NULL_CONVERSION = YES;
				CLANG_WARN_OBJC_IMPLICIT_RETAIN_SELF = YES;
				CLANG_WARN_OBJC_LITERAL_CONVERSION = YES;
				CLANG_WARN_OBJC_ROOT_CLASS = YES_ERROR;
				CLANG_WARN_QUOTED_INCLUDE_IN_FRAMEWORK_HEADER = YES;
				CLANG_WARN_RANGE_LOOP_ANALYSIS = YES;
				CLANG_WARN_STRICT_PROTOTYPES = YES;
				CLANG_WARN_SUSPICIOUS_MOVE = YES;
				CLANG_WARN_UNGUARDED_AVAILABILITY = YES_AGGRESSIVE;
				CLANG_WARN_UNREACHABLE_CODE = YES;
				CLANG_WARN__DUPLICATE_METHOD_MATCH = YES;
				COPY_PHASE_STRIP = NO;
				DEBUG_INFORMATION_FORMAT = dwarf;
				ENABLE_STRICT_OBJC_MSGSEND = YES;
				ENABLE_TESTABILITY = YES;
				GCC_C_LANGUAGE_STANDARD = gnu11;
				GCC_DYNAMIC_NO_PIC = NO;
				GCC_NO_COMMON_BLOCKS = YES;
				GCC_OPTIMIZATION_LEVEL = 0;
				GCC_PREPROCESSOR_DEFINITIONS = (
					"DEBUG=1",
					"$(inherited)",
				);
				GCC_WARN_64_TO_32_BIT_CONVERSION = YES;
				GCC_WARN_ABOUT_RETURN_TYPE = YES_ERROR;
				GCC_WARN_UNDECLARED_SELECTOR = YES;
				GCC_WARN_UNINITIALIZED_AUTOS = YES_AGGRESSIVE;
				GCC_WARN_UNUSED_FUNCTION = YES;
				GCC_WARN_UNUSED_VARIABLE = YES;
				IPHONEOS_DEPLOYMENT_TARGET = 16.2;
				MTL_ENABLE_DEBUG_INFO = INCLUDE_SOURCE;
				MTL_FAST_MATH = YES;
				ONLY_ACTIVE_ARCH = YES;
				SDKROOT = iphoneos;
				SWIFT_ACTIVE_COMPILATION_CONDITIONS = DEBUG;
				SWIFT_OPTIMIZATION_LEVEL = "-Onone";
			};
			name = Debug;
		};
		158AFCF52949CF9700ABF712 /* Release */ = {
			isa = XCBuildConfiguration;
			buildSettings = {
				ALWAYS_SEARCH_USER_PATHS = NO;
				CLANG_ANALYZER_NONNULL = YES;
				CLANG_ANALYZER_NUMBER_OBJECT_CONVERSION = YES_AGGRESSIVE;
				CLANG_CXX_LANGUAGE_STANDARD = "gnu++20";
				CLANG_ENABLE_MODULES = YES;
				CLANG_ENABLE_OBJC_ARC = YES;
				CLANG_ENABLE_OBJC_WEAK = YES;
				CLANG_WARN_BLOCK_CAPTURE_AUTORELEASING = YES;
				CLANG_WARN_BOOL_CONVERSION = YES;
				CLANG_WARN_COMMA = YES;
				CLANG_WARN_CONSTANT_CONVERSION = YES;
				CLANG_WARN_DEPRECATED_OBJC_IMPLEMENTATIONS = YES;
				CLANG_WARN_DIRECT_OBJC_ISA_USAGE = YES_ERROR;
				CLANG_WARN_DOCUMENTATION_COMMENTS = YES;
				CLANG_WARN_EMPTY_BODY = YES;
				CLANG_WARN_ENUM_CONVERSION = YES;
				CLANG_WARN_INFINITE_RECURSION = YES;
				CLANG_WARN_INT_CONVERSION = YES;
				CLANG_WARN_NON_LITERAL_NULL_CONVERSION = YES;
				CLANG_WARN_OBJC_IMPLICIT_RETAIN_SELF = YES;
				CLANG_WARN_OBJC_LITERAL_CONVERSION = YES;
				CLANG_WARN_OBJC_ROOT_CLASS = YES_ERROR;
				CLANG_WARN_QUOTED_INCLUDE_IN_FRAMEWORK_HEADER = YES;
				CLANG_WARN_RANGE_LOOP_ANALYSIS = YES;
				CLANG_WARN_STRICT_PROTOTYPES = YES;
				CLANG_WARN_SUSPICIOUS_MOVE = YES;
				CLANG_WARN_UNGUARDED_AVAILABILITY = YES_AGGRESSIVE;
				CLANG_WARN_UNREACHABLE_CODE = YES;
				CLANG_WARN__DUPLICATE_METHOD_MATCH = YES;
				COPY_PHASE_STRIP = NO;
				DEBUG_INFORMATION_FORMAT = "dwarf-with-dsym";
				ENABLE_NS_ASSERTIONS = NO;
				ENABLE_STRICT_OBJC_MSGSEND = YES;
				GCC_C_LANGUAGE_STANDARD = gnu11;
				GCC_NO_COMMON_BLOCKS = YES;
				GCC_WARN_64_TO_32_BIT_CONVERSION = YES;
				GCC_WARN_ABOUT_RETURN_TYPE = YES_ERROR;
				GCC_WARN_UNDECLARED_SELECTOR = YES;
				GCC_WARN_UNINITIALIZED_AUTOS = YES_AGGRESSIVE;
				GCC_WARN_UNUSED_FUNCTION = YES;
				GCC_WARN_UNUSED_VARIABLE = YES;
				IPHONEOS_DEPLOYMENT_TARGET = 16.2;
				MTL_ENABLE_DEBUG_INFO = NO;
				MTL_FAST_MATH = YES;
				SDKROOT = iphoneos;
				SWIFT_COMPILATION_MODE = wholemodule;
				SWIFT_OPTIMIZATION_LEVEL = "-O";
				VALIDATE_PRODUCT = YES;
			};
			name = Release;
		};
		158AFCF72949CF9700ABF712 /* Debug */ = {
			isa = XCBuildConfiguration;
			buildSettings = {
				ASSETCATALOG_COMPILER_APPICON_NAME = AppIcon;
				ASSETCATALOG_COMPILER_GLOBAL_ACCENT_COLOR_NAME = AccentColor;
				CODE_SIGN_STYLE = Automatic;
				CURRENT_PROJECT_VERSION = 1;
				DEVELOPMENT_TEAM = D345JDMWWU;
				GENERATE_INFOPLIST_FILE = YES;
				INFOPLIST_FILE = "PPPExampleDemo/Supporting Files/Info.plist";
				INFOPLIST_KEY_UIApplicationSupportsIndirectInputEvents = YES;
				INFOPLIST_KEY_UILaunchStoryboardName = LaunchScreen;
				INFOPLIST_KEY_UIMainStoryboardFile = "";
				INFOPLIST_KEY_UISupportedInterfaceOrientations = UIInterfaceOrientationPortrait;
				IPHONEOS_DEPLOYMENT_TARGET = 14.0;
				LD_RUNPATH_SEARCH_PATHS = (
					"$(inherited)",
					"@executable_path/Frameworks",
				);
				MARKETING_VERSION = 1.0;
				PRODUCT_BUNDLE_IDENTIFIER = com.thb.1030831926.ttt.PPPExampleDemo;
				PRODUCT_NAME = "$(TARGET_NAME)";
				SWIFT_EMIT_LOC_STRINGS = YES;
				SWIFT_VERSION = 5.0;
				TARGETED_DEVICE_FAMILY = "1,2";
			};
			name = Debug;
		};
		158AFCF82949CF9700ABF712 /* Release */ = {
			isa = XCBuildConfiguration;
			buildSettings = {
				ASSETCATALOG_COMPILER_APPICON_NAME = AppIcon;
				ASSETCATALOG_COMPILER_GLOBAL_ACCENT_COLOR_NAME = AccentColor;
				CODE_SIGN_STYLE = Automatic;
				CURRENT_PROJECT_VERSION = 1;
				DEVELOPMENT_TEAM = D345JDMWWU;
				GENERATE_INFOPLIST_FILE = YES;
				INFOPLIST_FILE = "PPPExampleDemo/Supporting Files/Info.plist";
				INFOPLIST_KEY_UIApplicationSupportsIndirectInputEvents = YES;
				INFOPLIST_KEY_UILaunchStoryboardName = LaunchScreen;
				INFOPLIST_KEY_UIMainStoryboardFile = "";
				INFOPLIST_KEY_UISupportedInterfaceOrientations = UIInterfaceOrientationPortrait;
				IPHONEOS_DEPLOYMENT_TARGET = 14.0;
				LD_RUNPATH_SEARCH_PATHS = (
					"$(inherited)",
					"@executable_path/Frameworks",
				);
				MARKETING_VERSION = 1.0;
				PRODUCT_BUNDLE_IDENTIFIER = com.thb.1030831926.ttt.PPPExampleDemo;
				PRODUCT_NAME = "$(TARGET_NAME)";
				SWIFT_EMIT_LOC_STRINGS = YES;
				SWIFT_VERSION = 5.0;
				TARGETED_DEVICE_FAMILY = "1,2";
			};
			name = Release;
		};
		158AFCFA2949CF9700ABF712 /* Debug */ = {
			isa = XCBuildConfiguration;
			buildSettings = {
				ALWAYS_EMBED_SWIFT_STANDARD_LIBRARIES = YES;
				BUNDLE_LOADER = "$(TEST_HOST)";
				CODE_SIGN_STYLE = Automatic;
				CURRENT_PROJECT_VERSION = 1;
				DEVELOPMENT_TEAM = D345JDMWWU;
				GENERATE_INFOPLIST_FILE = YES;
				IPHONEOS_DEPLOYMENT_TARGET = 16.2;
				MARKETING_VERSION = 1.0;
				PRODUCT_BUNDLE_IDENTIFIER = com.thb.1030831926.ttt.PPPExampleDemoTests;
				PRODUCT_NAME = "$(TARGET_NAME)";
				SWIFT_EMIT_LOC_STRINGS = NO;
				SWIFT_VERSION = 5.0;
				TARGETED_DEVICE_FAMILY = "1,2";
				TEST_HOST = "$(BUILT_PRODUCTS_DIR)/PPPExampleDemo.app/$(BUNDLE_EXECUTABLE_FOLDER_PATH)/PPPExampleDemo";
			};
			name = Debug;
		};
		158AFCFB2949CF9700ABF712 /* Release */ = {
			isa = XCBuildConfiguration;
			buildSettings = {
				ALWAYS_EMBED_SWIFT_STANDARD_LIBRARIES = YES;
				BUNDLE_LOADER = "$(TEST_HOST)";
				CODE_SIGN_STYLE = Automatic;
				CURRENT_PROJECT_VERSION = 1;
				DEVELOPMENT_TEAM = D345JDMWWU;
				GENERATE_INFOPLIST_FILE = YES;
				IPHONEOS_DEPLOYMENT_TARGET = 16.2;
				MARKETING_VERSION = 1.0;
				PRODUCT_BUNDLE_IDENTIFIER = com.thb.1030831926.ttt.PPPExampleDemoTests;
				PRODUCT_NAME = "$(TARGET_NAME)";
				SWIFT_EMIT_LOC_STRINGS = NO;
				SWIFT_VERSION = 5.0;
				TARGETED_DEVICE_FAMILY = "1,2";
				TEST_HOST = "$(BUILT_PRODUCTS_DIR)/PPPExampleDemo.app/$(BUNDLE_EXECUTABLE_FOLDER_PATH)/PPPExampleDemo";
			};
			name = Release;
		};
		158AFCFD2949CF9700ABF712 /* Debug */ = {
			isa = XCBuildConfiguration;
			buildSettings = {
				ALWAYS_EMBED_SWIFT_STANDARD_LIBRARIES = YES;
				CODE_SIGN_STYLE = Automatic;
				CURRENT_PROJECT_VERSION = 1;
				DEVELOPMENT_TEAM = D345JDMWWU;
				GENERATE_INFOPLIST_FILE = YES;
				MARKETING_VERSION = 1.0;
				PRODUCT_BUNDLE_IDENTIFIER = com.thb.1030831926.ttt.PPPExampleDemoUITests;
				PRODUCT_NAME = "$(TARGET_NAME)";
				SWIFT_EMIT_LOC_STRINGS = NO;
				SWIFT_VERSION = 5.0;
				TARGETED_DEVICE_FAMILY = "1,2";
				TEST_TARGET_NAME = PPPExampleDemo;
			};
			name = Debug;
		};
		158AFCFE2949CF9700ABF712 /* Release */ = {
			isa = XCBuildConfiguration;
			buildSettings = {
				ALWAYS_EMBED_SWIFT_STANDARD_LIBRARIES = YES;
				CODE_SIGN_STYLE = Automatic;
				CURRENT_PROJECT_VERSION = 1;
				DEVELOPMENT_TEAM = D345JDMWWU;
				GENERATE_INFOPLIST_FILE = YES;
				MARKETING_VERSION = 1.0;
				PRODUCT_BUNDLE_IDENTIFIER = com.thb.1030831926.ttt.PPPExampleDemoUITests;
				PRODUCT_NAME = "$(TARGET_NAME)";
				SWIFT_EMIT_LOC_STRINGS = NO;
				SWIFT_VERSION = 5.0;
				TARGETED_DEVICE_FAMILY = "1,2";
				TEST_TARGET_NAME = PPPExampleDemo;
			};
			name = Release;
		};
/* End XCBuildConfiguration section */

/* Begin XCConfigurationList section */
		158AFCC72949CF9500ABF712 /* Build configuration list for PBXProject "PPPExampleDemo" */ = {
			isa = XCConfigurationList;
			buildConfigurations = (
				158AFCF42949CF9700ABF712 /* Debug */,
				158AFCF52949CF9700ABF712 /* Release */,
			);
			defaultConfigurationIsVisible = 0;
			defaultConfigurationName = Release;
		};
		158AFCF62949CF9700ABF712 /* Build configuration list for PBXNativeTarget "PPPExampleDemo" */ = {
			isa = XCConfigurationList;
			buildConfigurations = (
				158AFCF72949CF9700ABF712 /* Debug */,
				158AFCF82949CF9700ABF712 /* Release */,
			);
			defaultConfigurationIsVisible = 0;
			defaultConfigurationName = Release;
		};
		158AFCF92949CF9700ABF712 /* Build configuration list for PBXNativeTarget "PPPExampleDemoTests" */ = {
			isa = XCConfigurationList;
			buildConfigurations = (
				158AFCFA2949CF9700ABF712 /* Debug */,
				158AFCFB2949CF9700ABF712 /* Release */,
			);
			defaultConfigurationIsVisible = 0;
			defaultConfigurationName = Release;
		};
		158AFCFC2949CF9700ABF712 /* Build configuration list for PBXNativeTarget "PPPExampleDemoUITests" */ = {
			isa = XCConfigurationList;
			buildConfigurations = (
				158AFCFD2949CF9700ABF712 /* Debug */,
				158AFCFE2949CF9700ABF712 /* Release */,
			);
			defaultConfigurationIsVisible = 0;
			defaultConfigurationName = Release;
		};
/* End XCConfigurationList section */
	};
	rootObject = 158AFCC42949CF9500ABF712 /* Project object */;
}
